Microsoft Visual Studio Solution File, Format Version 12.00
# Visual Studio Version 17
VisualStudioVersion = 17.5.2.0
MinimumVisualStudioVersion = 10.0.40219.1
Project("{2150E333-8FDC-42A3-9474-1A3956D46DE8}") = "samples", "samples", "{5D20AA90-6969-D8BD-9DCD-8634F4692FDA}"
EndProject
Project("{FAE04EC0-301F-11D3-BF4B-00C04F79EFBC}") = "ConfigitAceIntegration", "samples\ConfigitAceIntegration\ConfigitAceIntegration.csproj", "{2BCAF759-0DA0-8D82-D98E-6533BF7A6526}"
EndProject
Global
	GlobalSection(SolutionConfigurationPlatforms) = preSolution
		Debug|Any CPU = Debug|Any CPU
		Release|Any CPU = Release|Any CPU
	EndGlobalSection
	GlobalSection(ProjectConfigurationPlatforms) = postSolution
		{2BCAF759-0DA0-8D82-D98E-6533BF7A6526}.Debug|Any CPU.ActiveCfg = Debug|Any CPU
		{2BCAF759-0DA0-8D82-D98E-6533BF7A6526}.Debug|Any CPU.Build.0 = Debug|Any CPU
		{2BCAF759-0DA0-8D82-D98E-6533BF7A6526}.Release|Any CPU.ActiveCfg = Release|Any CPU
		{2BCAF759-0DA0-8D82-D98E-6533BF7A6526}.Release|Any CPU.Build.0 = Release|Any CPU
	EndGlobalSection
	GlobalSection(SolutionProperties) = preSolution
		HideSolutionNode = FALSE
	EndGlobalSection
	GlobalSection(NestedProjects) = preSolution
		{2BCAF759-0DA0-8D82-D98E-6533BF7A6526} = {5D20AA90-6969-D8BD-9DCD-8634F4692FDA}
	EndGlobalSection
	GlobalSection(ExtensibilityGlobals) = postSolution
		SolutionGuid = {16924131-9EA9-4224-806E-DCA9E59693FD}
	EndGlobalSection
EndGlobal
